
Microsoft Visual Studio Solution File, Format Version 12.00
# Visual Studio Version 17
VisualStudioVersion = 17.5.33516.290
MinimumVisualStudioVersion = 10.0.40219.1
Project("{9A19103F-16F7-4668-BE54-9A1E7A4F7556}") = "FirstTask", "Module_14_NLog\FirstTask.csproj", "{1A5C0A1A-4404-42F5-8B1C-67916163D856}"
EndProject
Project("{9A19103F-16F7-4668-BE54-9A1E7A4F7556}") = "secondTask", "secondTask\secondTask.csproj", "{A88121C8-C59A-41A8-AA3A-33DDB8B9ED78}"
EndProject
Global
	GlobalSection(SolutionConfigurationPlatforms) = preSolution
		Debug|Any CPU = Debug|Any CPU
		Release|Any CPU = Release|Any CPU
	EndGlobalSection
	GlobalSection(ProjectConfigurationPlatforms) = postSolution
		{1A5C0A1A-4404-42F5-8B1C-67916163D856}.Debug|Any CPU.ActiveCfg = Debug|Any CPU
		{1A5C0A1A-4404-42F5-8B1C-67916163D856}.Debug|Any CPU.Build.0 = Debug|Any CPU
		{1A5C0A1A-4404-42F5-8B1C-67916163D856}.Release|Any CPU.ActiveCfg = Release|Any CPU
		{1A5C0A1A-4404-42F5-8B1C-67916163D856}.Release|Any CPU.Build.0 = Release|Any CPU
		{A88121C8-C59A-41A8-AA3A-33DDB8B9ED78}.Debug|Any CPU.ActiveCfg = Debug|Any CPU
		{A88121C8-C59A-41A8-AA3A-33DDB8B9ED78}.Debug|Any CPU.Build.0 = Debug|Any CPU
		{A88121C8-C59A-41A8-AA3A-33DDB8B9ED78}.Release|Any CPU.ActiveCfg = Release|Any CPU
		{A88121C8-C59A-41A8-AA3A-33DDB8B9ED78}.Release|Any CPU.Build.0 = Release|Any CPU
	EndGlobalSection
	GlobalSection(SolutionProperties) = preSolution
		HideSolutionNode = FALSE
	EndGlobalSection
	GlobalSection(ExtensibilityGlobals) = postSolution
		SolutionGuid = {A31128AD-A9B0-403E-B619-BDAD8A000AAA}
	EndGlobalSection
EndGlobal
